
Microsoft Visual Studio Solution File, Format Version 12.00
# Visual Studio 14
VisualStudioVersion = 14.0.25420.1
MinimumVisualStudioVersion = 10.0.40219.1
Project("{159641D6-6404-4A2A-AE62-294DE0FE8301}") = "NIghtFlowsFromWWare", "NIghtFlowsFromWWare\NIghtFlowsFromWWare.dtproj", "{DA366764-FC39-4E27-A08B-787D832E785E}"
EndProject
Global
	GlobalSection(SolutionConfigurationPlatforms) = preSolution
		Development|Default = Development|Default
	EndGlobalSection
	GlobalSection(ProjectConfigurationPlatforms) = postSolution
		{DA366764-FC39-4E27-A08B-787D832E785E}.Development|Default.ActiveCfg = Development
		{DA366764-FC39-4E27-A08B-787D832E785E}.Development|Default.Build.0 = Development
	EndGlobalSection
	GlobalSection(SolutionProperties) = preSolution
		HideSolutionNode = FALSE
	EndGlobalSection
EndGlobal
